
Microsoft Visual Studio Solution File, Format Version 12.00
# Visual Studio 15
VisualStudioVersion = 15.0.28307.136
MinimumVisualStudioVersion = 10.0.40219.1
Project("{FAE04EC0-301F-11D3-BF4B-00C04F79EFBC}") = "WillisTowersWatson.Policies", "WillisTowersWatson.Policies\WillisTowersWatson.Policies.csproj", "{DB9FD453-8ED2-4A45-B51C-A0646C2C47D7}"
EndProject
Global
	GlobalSection(SolutionConfigurationPlatforms) = preSolution
		Debug|Any CPU = Debug|Any CPU
		Release|Any CPU = Release|Any CPU
	EndGlobalSection
	GlobalSection(ProjectConfigurationPlatforms) = postSolution
		{DB9FD453-8ED2-4A45-B51C-A0646C2C47D7}.Debug|Any CPU.ActiveCfg = Debug|Any CPU
		{DB9FD453-8ED2-4A45-B51C-A0646C2C47D7}.Debug|Any CPU.Build.0 = Debug|Any CPU
		{DB9FD453-8ED2-4A45-B51C-A0646C2C47D7}.Release|Any CPU.ActiveCfg = Release|Any CPU
		{DB9FD453-8ED2-4A45-B51C-A0646C2C47D7}.Release|Any CPU.Build.0 = Release|Any CPU
	EndGlobalSection
	GlobalSection(SolutionProperties) = preSolution
		HideSolutionNode = FALSE
	EndGlobalSection
	GlobalSection(ExtensibilityGlobals) = postSolution
		SolutionGuid = {C0391606-5BE4-4E6C-9C12-573389425D48}
	EndGlobalSection
EndGlobal
